
Microsoft Visual Studio Solution File, Format Version 12.00
Project("{FAE04EC0-301F-11D3-BF4B-00C04F79EFBC}") = "Inlämning4", "Inlämning4\Inlämning4.csproj", "{BE220173-E42D-4D44-A66D-F6C61122B86E}"
EndProject
Project("{FAE04EC0-301F-11D3-BF4B-00C04F79EFBC}") = "Inlämning4Tests", "Inlämning4Tests\Inlämning4Tests.csproj", "{32D73D3C-E3EE-4CCC-BBC4-F88F2C8ED971}"
EndProject
Global
	GlobalSection(SolutionConfigurationPlatforms) = preSolution
		Debug|Any CPU = Debug|Any CPU
		Release|Any CPU = Release|Any CPU
	EndGlobalSection
	GlobalSection(ProjectConfigurationPlatforms) = postSolution
		{BE220173-E42D-4D44-A66D-F6C61122B86E}.Debug|Any CPU.ActiveCfg = Debug|Any CPU
		{BE220173-E42D-4D44-A66D-F6C61122B86E}.Debug|Any CPU.Build.0 = Debug|Any CPU
		{BE220173-E42D-4D44-A66D-F6C61122B86E}.Release|Any CPU.ActiveCfg = Release|Any CPU
		{BE220173-E42D-4D44-A66D-F6C61122B86E}.Release|Any CPU.Build.0 = Release|Any CPU
		{32D73D3C-E3EE-4CCC-BBC4-F88F2C8ED971}.Debug|Any CPU.ActiveCfg = Debug|Any CPU
		{32D73D3C-E3EE-4CCC-BBC4-F88F2C8ED971}.Debug|Any CPU.Build.0 = Debug|Any CPU
		{32D73D3C-E3EE-4CCC-BBC4-F88F2C8ED971}.Release|Any CPU.ActiveCfg = Release|Any CPU
		{32D73D3C-E3EE-4CCC-BBC4-F88F2C8ED971}.Release|Any CPU.Build.0 = Release|Any CPU
	EndGlobalSection
EndGlobal
